
Microsoft Visual Studio Solution File, Format Version 12.00
# Visual Studio Version 17
VisualStudioVersion = 17.0.31903.59
MinimumVisualStudioVersion = 10.0.40219.1
Project("{2150E333-8FDC-42A3-9474-1A3956D46DE8}") = "src", "src", "{827E0CD3-B72D-47B6-A68D-7590B98EB39B}"
EndProject
Project("{FAE04EC0-301F-11D3-BF4B-00C04F79EFBC}") = "AuthPractice.Domain", "src\AuthPractice.Domain\AuthPractice.Domain.csproj", "{9B0B1010-65E5-4793-836F-56B735F89D7E}"
EndProject
Project("{FAE04EC0-301F-11D3-BF4B-00C04F79EFBC}") = "AuthPractice.Contracts", "src\AuthPractice.Contracts\AuthPractice.Contracts.csproj", "{25DBC226-5434-43EC-A48C-388A9650C119}"
EndProject
Project("{FAE04EC0-301F-11D3-BF4B-00C04F79EFBC}") = "AuthPractice.Core", "src\AuthPractice.Core\AuthPractice.Core.csproj", "{34562237-AFCA-4ABA-BC44-3BDD68E3926B}"
EndProject
Project("{FAE04EC0-301F-11D3-BF4B-00C04F79EFBC}") = "AuthPractice.Infrastructure", "src\AuthPractice.Infrastructure\AuthPractice.Infrastructure.csproj", "{9607E211-F3A7-4840-AF8D-11BD3C1C0093}"
EndProject
Project("{FAE04EC0-301F-11D3-BF4B-00C04F79EFBC}") = "AuthPractice.Web", "src\AuthPractice.Web\AuthPractice.Web.csproj", "{819BE695-2F4F-418B-912B-C60B684254C1}"
EndProject
Global
	GlobalSection(SolutionConfigurationPlatforms) = preSolution
		Debug|Any CPU = Debug|Any CPU
		Debug|x64 = Debug|x64
		Debug|x86 = Debug|x86
		Release|Any CPU = Release|Any CPU
		Release|x64 = Release|x64
		Release|x86 = Release|x86
	EndGlobalSection
	GlobalSection(ProjectConfigurationPlatforms) = postSolution
		{9B0B1010-65E5-4793-836F-56B735F89D7E}.Debug|Any CPU.ActiveCfg = Debug|Any CPU
		{9B0B1010-65E5-4793-836F-56B735F89D7E}.Debug|Any CPU.Build.0 = Debug|Any CPU
		{9B0B1010-65E5-4793-836F-56B735F89D7E}.Debug|x64.ActiveCfg = Debug|Any CPU
		{9B0B1010-65E5-4793-836F-56B735F89D7E}.Debug|x64.Build.0 = Debug|Any CPU
		{9B0B1010-65E5-4793-836F-56B735F89D7E}.Debug|x86.ActiveCfg = Debug|Any CPU
		{9B0B1010-65E5-4793-836F-56B735F89D7E}.Debug|x86.Build.0 = Debug|Any CPU
		{9B0B1010-65E5-4793-836F-56B735F89D7E}.Release|Any CPU.ActiveCfg = Release|Any CPU
		{9B0B1010-65E5-4793-836F-56B735F89D7E}.Release|Any CPU.Build.0 = Release|Any CPU
		{9B0B1010-65E5-4793-836F-56B735F89D7E}.Release|x64.ActiveCfg = Release|Any CPU
		{9B0B1010-65E5-4793-836F-56B735F89D7E}.Release|x64.Build.0 = Release|Any CPU
		{9B0B1010-65E5-4793-836F-56B735F89D7E}.Release|x86.ActiveCfg = Release|Any CPU
		{9B0B1010-65E5-4793-836F-56B735F89D7E}.Release|x86.Build.0 = Release|Any CPU
		{25DBC226-5434-43EC-A48C-388A9650C119}.Debug|Any CPU.ActiveCfg = Debug|Any CPU
		{25DBC226-5434-43EC-A48C-388A9650C119}.Debug|Any CPU.Build.0 = Debug|Any CPU
		{25DBC226-5434-43EC-A48C-388A9650C119}.Debug|x64.ActiveCfg = Debug|Any CPU
		{25DBC226-5434-43EC-A48C-388A9650C119}.Debug|x64.Build.0 = Debug|Any CPU
		{25DBC226-5434-43EC-A48C-388A9650C119}.Debug|x86.ActiveCfg = Debug|Any CPU
		{25DBC226-5434-43EC-A48C-388A9650C119}.Debug|x86.Build.0 = Debug|Any CPU
		{25DBC226-5434-43EC-A48C-388A9650C119}.Release|Any CPU.ActiveCfg = Release|Any CPU
		{25DBC226-5434-43EC-A48C-388A9650C119}.Release|Any CPU.Build.0 = Release|Any CPU
		{25DBC226-5434-43EC-A48C-388A9650C119}.Release|x64.ActiveCfg = Release|Any CPU
		{25DBC226-5434-43EC-A48C-388A9650C119}.Release|x64.Build.0 = Release|Any CPU
		{25DBC226-5434-43EC-A48C-388A9650C119}.Release|x86.ActiveCfg = Release|Any CPU
		{25DBC226-5434-43EC-A48C-388A9650C119}.Release|x86.Build.0 = Release|Any CPU
		{34562237-AFCA-4ABA-BC44-3BDD68E3926B}.Debug|Any CPU.ActiveCfg = Debug|Any CPU
		{34562237-AFCA-4ABA-BC44-3BDD68E3926B}.Debug|Any CPU.Build.0 = Debug|Any CPU
		{34562237-AFCA-4ABA-BC44-3BDD68E3926B}.Debug|x64.ActiveCfg = Debug|Any CPU
		{34562237-AFCA-4ABA-BC44-3BDD68E3926B}.Debug|x64.Build.0 = Debug|Any CPU
		{34562237-AFCA-4ABA-BC44-3BDD68E3926B}.Debug|x86.ActiveCfg = Debug|Any CPU
		{34562237-AFCA-4ABA-BC44-3BDD68E3926B}.Debug|x86.Build.0 = Debug|Any CPU
		{34562237-AFCA-4ABA-BC44-3BDD68E3926B}.Release|Any CPU.ActiveCfg = Release|Any CPU
		{34562237-AFCA-4ABA-BC44-3BDD68E3926B}.Release|Any CPU.Build.0 = Release|Any CPU
		{34562237-AFCA-4ABA-BC44-3BDD68E3926B}.Release|x64.ActiveCfg = Release|Any CPU
		{34562237-AFCA-4ABA-BC44-3BDD68E3926B}.Release|x64.Build.0 = Release|Any CPU
		{34562237-AFCA-4ABA-BC44-3BDD68E3926B}.Release|x86.ActiveCfg = Release|Any CPU
		{34562237-AFCA-4ABA-BC44-3BDD68E3926B}.Release|x86.Build.0 = Release|Any CPU
		{9607E211-F3A7-4840-AF8D-11BD3C1C0093}.Debug|Any CPU.ActiveCfg = Debug|Any CPU
		{9607E211-F3A7-4840-AF8D-11BD3C1C0093}.Debug|Any CPU.Build.0 = Debug|Any CPU
		{9607E211-F3A7-4840-AF8D-11BD3C1C0093}.Debug|x64.ActiveCfg = Debug|Any CPU
		{9607E211-F3A7-4840-AF8D-11BD3C1C0093}.Debug|x64.Build.0 = Debug|Any CPU
		{9607E211-F3A7-4840-AF8D-11BD3C1C0093}.Debug|x86.ActiveCfg = Debug|Any CPU
		{9607E211-F3A7-4840-AF8D-11BD3C1C0093}.Debug|x86.Build.0 = Debug|Any CPU
		{9607E211-F3A7-4840-AF8D-11BD3C1C0093}.Release|Any CPU.ActiveCfg = Release|Any CPU
		{9607E211-F3A7-4840-AF8D-11BD3C1C0093}.Release|Any CPU.Build.0 = Release|Any CPU
		{9607E211-F3A7-4840-AF8D-11BD3C1C0093}.Release|x64.ActiveCfg = Release|Any CPU
		{9607E211-F3A7-4840-AF8D-11BD3C1C0093}.Release|x64.Build.0 = Release|Any CPU
		{9607E211-F3A7-4840-AF8D-11BD3C1C0093}.Release|x86.ActiveCfg = Release|Any CPU
		{9607E211-F3A7-4840-AF8D-11BD3C1C0093}.Release|x86.Build.0 = Release|Any CPU
		{819BE695-2F4F-418B-912B-C60B684254C1}.Debug|Any CPU.ActiveCfg = Debug|Any CPU
		{819BE695-2F4F-418B-912B-C60B684254C1}.Debug|Any CPU.Build.0 = Debug|Any CPU
		{819BE695-2F4F-418B-912B-C60B684254C1}.Debug|x64.ActiveCfg = Debug|Any CPU
		{819BE695-2F4F-418B-912B-C60B684254C1}.Debug|x64.Build.0 = Debug|Any CPU
		{819BE695-2F4F-418B-912B-C60B684254C1}.Debug|x86.ActiveCfg = Debug|Any CPU
		{819BE695-2F4F-418B-912B-C60B684254C1}.Debug|x86.Build.0 = Debug|Any CPU
		{819BE695-2F4F-418B-912B-C60B684254C1}.Release|Any CPU.ActiveCfg = Release|Any CPU
		{819BE695-2F4F-418B-912B-C60B684254C1}.Release|Any CPU.Build.0 = Release|Any CPU
		{819BE695-2F4F-418B-912B-C60B684254C1}.Release|x64.ActiveCfg = Release|Any CPU
		{819BE695-2F4F-418B-912B-C60B684254C1}.Release|x64.Build.0 = Release|Any CPU
		{819BE695-2F4F-418B-912B-C60B684254C1}.Release|x86.ActiveCfg = Release|Any CPU
		{819BE695-2F4F-418B-912B-C60B684254C1}.Release|x86.Build.0 = Release|Any CPU
	EndGlobalSection
	GlobalSection(SolutionProperties) = preSolution
		HideSolutionNode = FALSE
	EndGlobalSection
	GlobalSection(NestedProjects) = preSolution
		{9B0B1010-65E5-4793-836F-56B735F89D7E} = {827E0CD3-B72D-47B6-A68D-7590B98EB39B}
		{25DBC226-5434-43EC-A48C-388A9650C119} = {827E0CD3-B72D-47B6-A68D-7590B98EB39B}
		{34562237-AFCA-4ABA-BC44-3BDD68E3926B} = {827E0CD3-B72D-47B6-A68D-7590B98EB39B}
		{9607E211-F3A7-4840-AF8D-11BD3C1C0093} = {827E0CD3-B72D-47B6-A68D-7590B98EB39B}
		{819BE695-2F4F-418B-912B-C60B684254C1} = {827E0CD3-B72D-47B6-A68D-7590B98EB39B}
	EndGlobalSection
EndGlobal
